lockfileVersion: 5.3

specifiers:
  exif-parser: ^0.1.12
  just-camel-case: ^4.0.2
  unist-util-visit: ^3.1.0

dependencies:
  exif-parser: 0.1.12
  just-camel-case: 4.0.2
  unist-util-visit: 3.1.0

packages:

  /@types/unist/2.0.6:
    resolution: {integrity: sha512-PBjIUxZHOuj0R15/xuwJYjFi+KZdNFrehocChv4g5hu6aFroHue8m0lBP0POdK2nKzbw0cgV1mws8+V/JAcEkQ==}
    dev: false

  /exif-parser/0.1.12:
    resolution: {integrity: sha512-c2bQfLNbMzLPmzQuOr8fy0csy84WmwnER81W88DzTp9CYNPJ6yzOj2EZAh9pywYpqHnshVLHQJ8WzldAyfY+Iw==}
    dev: false

  /just-camel-case/4.0.2:
    resolution: {integrity: sha512-df6QI/EIq+6uHe/wtaa9Qq7/pp4wr4pJC/r1+7XhVL6m5j03G6h9u9/rIZr8rDASX7CxwDPQnZjffCo2e6PRLw==}
    dev: false

  /unist-util-is/5.1.1:
    resolution: {integrity: sha512-F5CZ68eYzuSvJjGhCLPL3cYx45IxkqXSetCcRgUXtbcm50X2L9oOWQlfUfDdAf+6Pd27YDblBfdtmsThXmwpbQ==}
    dev: false

  /unist-util-visit-parents/4.1.1:
    resolution: {integrity: sha512-1xAFJXAKpnnJl8G7K5KgU7FY55y3GcLIXqkzUj5QF/QVP7biUm0K0O2oqVkYsdjzJKifYeWn9+o6piAK2hGSHw==}
    dependencies:
      '@types/unist': 2.0.6
      unist-util-is: 5.1.1
    dev: false

  /unist-util-visit/3.1.0:
    resolution: {integrity: sha512-Szoh+R/Ll68QWAyQyZZpQzZQm2UPbxibDvaY8Xc9SUtYgPsDzx5AWSk++UUt2hJuow8mvwR+rG+LQLw+KsuAKA==}
    dependencies:
      '@types/unist': 2.0.6
      unist-util-is: 5.1.1
      unist-util-visit-parents: 4.1.1
    dev: false
